// !$*UTF8*$!
{
	archiveVersion = 1;
	classes = {
	};
	objectVersion = 46;
	objects = {

/* Begin PBXBuildFile section */
		C70943FA1904F550009496C1 /* countryside_horse.png in Resources */ = {isa = PBXBuildFile; fileRef = C70943F31904F550009496C1 /* countryside_horse.png */; };
		C70943FB1904F550009496C1 /* monster.png in Resources */ = {isa = PBXBuildFile; fileRef = C70943F41904F550009496C1 /* monster.png */; };
		C70943FC1904F550009496C1 /* monster@2x.png in Resources */ = {isa = PBXBuildFile; fileRef = C70943F51904F550009496C1 /* monster@2x.png */; };
		C70943FD1904F550009496C1 /* player.png in Resources */ = {isa = PBXBuildFile; fileRef = C70943F61904F550009496C1 /* player.png */; };
		C70943FE1904F550009496C1 /* player@2x.png in Resources */ = {isa = PBXBuildFile; fileRef = C70943F71904F550009496C1 /* player@2x.png */; };
		C70943FF1904F550009496C1 /* projectile.png in Resources */ = {isa = PBXBuildFile; fileRef = C70943F81904F550009496C1 /* projectile.png */; };
		C70944001904F550009496C1 /* projectile@2x.png in Resources */ = {isa = PBXBuildFile; fileRef = C70943F91904F550009496C1 /* projectile@2x.png */; };
		C70944021904F87F009496C1 /* explosion.png in Resources */ = {isa = PBXBuildFile; fileRef = C70944011904F87F009496C1 /* explosion.png */; };
		C7A456DC18F3A0520078B1C5 /* Foundation.framework in Frameworks */ = {isa = PBXBuildFile; fileRef = C7A456DB18F3A0520078B1C5 /* Foundation.framework */; };
		C7A456DE18F3A0520078B1C5 /* CoreGraphics.framework in Frameworks */ = {isa = PBXBuildFile; fileRef = C7A456DD18F3A0520078B1C5 /* CoreGraphics.framework */; };
		C7A456E018F3A0520078B1C5 /* UIKit.framework in Frameworks */ = {isa = PBXBuildFile; fileRef = C7A456DF18F3A0520078B1C5 /* UIKit.framework */; };
		C7A456E218F3A0520078B1C5 /* SpriteKit.framework in Frameworks */ = {isa = PBXBuildFile; fileRef = C7A456E118F3A0520078B1C5 /* SpriteKit.framework */; };
		C7A456E818F3A0520078B1C5 /* InfoPlist.strings in Resources */ = {isa = PBXBuildFile; fileRef = C7A456E618F3A0520078B1C5 /* InfoPlist.strings */; };
		C7A456EA18F3A0520078B1C5 /* main.m in Sources */ = {isa = PBXBuildFile; fileRef = C7A456E918F3A0520078B1C5 /* main.m */; };
		C7A456EE18F3A0520078B1C5 /* AppDelegate.m in Sources */ = {isa = PBXBuildFile; fileRef = C7A456ED18F3A0520078B1C5 /* AppDelegate.m */; };
		C7A456F118F3A0520078B1C5 /* Main_iPhone.storyboard in Resources */ = {isa = PBXBuildFile; fileRef = C7A456EF18F3A0520078B1C5 /* Main_iPhone.storyboard */; };
		C7A456F418F3A0520078B1C5 /* Main_iPad.storyboard in Resources */ = {isa = PBXBuildFile; fileRef = C7A456F218F3A0520078B1C5 /* Main_iPad.storyboard */; };
		C7A456F718F3A0520078B1C5 /* ViewController.m in Sources */ = {isa = PBXBuildFile; fileRef = C7A456F618F3A0520078B1C5 /* ViewController.m */; };
		C7A456FA18F3A0520078B1C5 /* MyScene.m in Sources */ = {isa = PBXBuildFile; fileRef = C7A456F918F3A0520078B1C5 /* MyScene.m */; };
		C7A456FC18F3A0520078B1C5 /* Spaceship.png in Resources */ = {isa = PBXBuildFile; fileRef = C7A456FB18F3A0520078B1C5 /* Spaceship.png */; };
		C7A456FE18F3A0520078B1C5 /* Images.xcassets in Resources */ = {isa = PBXBuildFile; fileRef = C7A456FD18F3A0520078B1C5 /* Images.xcassets */; };
		C7A4570518F3A0520078B1C5 /* XCTest.framework in Frameworks */ = {isa = PBXBuildFile; fileRef = C7A4570418F3A0520078B1C5 /* XCTest.framework */; };
		C7A4570618F3A0520078B1C5 /* Foundation.framework in Frameworks */ = {isa = PBXBuildFile; fileRef = C7A456DB18F3A0520078B1C5 /* Foundation.framework */; };
		C7A4570718F3A0520078B1C5 /* UIKit.framework in Frameworks */ = {isa = PBXBuildFile; fileRef = C7A456DF18F3A0520078B1C5 /* UIKit.framework */; };
		C7A4570F18F3A0520078B1C5 /* InfoPlist.strings in Resources */ = {isa = PBXBuildFile; fileRef = C7A4570D18F3A0520078B1C5 /* InfoPlist.strings */; };
		C7A4571118F3A0520078B1C5 /* MyGameTests.m in Sources */ = {isa = PBXBuildFile; fileRef = C7A4571018F3A0520078B1C5 /* MyGameTests.m */; };
		C7A4571F18F3A1B70078B1C5 /* background-music-aac.caf in Resources */ = {isa = PBXBuildFile; fileRef = C7A4571C18F3A1B70078B1C5 /* background-music-aac.caf */; };
		C7A4572018F3A1B70078B1C5 /* pew-pew-lei.caf in Resources */ = {isa = PBXBuildFile; fileRef = C7A4571D18F3A1B70078B1C5 /* pew-pew-lei.caf */; };
		C7A4572418F3C7450078B1C5 /* GameOverScene.m in Sources */ = {isa = PBXBuildFile; fileRef = C7A4572318F3C7450078B1C5 /* GameOverScene.m */; };
/* End PBXBuildFile section */

/* Begin PBXContainerItemProxy section */
		C7A4570818F3A0520078B1C5 /* PBXContainerItemProxy */ = {
			isa = PBXContainerItemProxy;
			containerPortal = C7A456D018F3A0520078B1C5 /* Project object */;
			proxyType = 1;
			remoteGlobalIDString = C7A456D718F3A0520078B1C5;
			remoteInfo = MyGame;
		};
/* End PBXContainerItemProxy section */

/* Begin PBXFileReference section */
		C70943F31904F550009496C1 /* countryside_horse.png */ = {isa = PBXFileReference; lastKnownFileType = image.png; name = countryside_horse.png; path = sprites.atlas/countryside_horse.png; sourceTree = "<group>"; };
		C70943F41904F550009496C1 /* monster.png */ = {isa = PBXFileReference; lastKnownFileType = image.png; name = monster.png; path = sprites.atlas/monster.png; sourceTree = "<group>"; };
		C70943F51904F550009496C1 /* monster@2x.png */ = {isa = PBXFileReference; lastKnownFileType = image.png; name = "monster@2x.png"; path = "sprites.atlas/monster@2x.png"; sourceTree = "<group>"; };
		C70943F61904F550009496C1 /* player.png */ = {isa = PBXFileReference; lastKnownFileType = image.png; name = player.png; path = sprites.atlas/player.png; sourceTree = "<group>"; };
		C70943F71904F550009496C1 /* player@2x.png */ = {isa = PBXFileReference; lastKnownFileType = image.png; name = "player@2x.png"; path = "sprites.atlas/player@2x.png"; sourceTree = "<group>"; };
		C70943F81904F550009496C1 /* projectile.png */ = {isa = PBXFileReference; lastKnownFileType = image.png; name = projectile.png; path = sprites.atlas/projectile.png; sourceTree = "<group>"; };
		C70943F91904F550009496C1 /* projectile@2x.png */ = {isa = PBXFileReference; lastKnownFileType = image.png; name = "projectile@2x.png"; path = "sprites.atlas/projectile@2x.png"; sourceTree = "<group>"; };
		C70944011904F87F009496C1 /* explosion.png */ = {isa = PBXFileReference; lastKnownFileType = image.png; name = explosion.png; path = sprites.atlas/explosion.png; sourceTree = "<group>"; };
		C7A456D818F3A0520078B1C5 /* MyGame.app */ = {isa = PBXFileReference; explicitFileType = wrapper.application; includeInIndex = 0; path = MyGame.app; sourceTree = BUILT_PRODUCTS_DIR; };
		C7A456DB18F3A0520078B1C5 /* Foundation.framework */ = {isa = PBXFileReference; lastKnownFileType = wrapper.framework; name = Foundation.framework; path = System/Library/Frameworks/Foundation.framework; sourceTree = SDKROOT; };
		C7A456DD18F3A0520078B1C5 /* CoreGraphics.framework */ = {isa = PBXFileReference; lastKnownFileType = wrapper.framework; name = CoreGraphics.framework; path = System/Library/Frameworks/CoreGraphics.framework; sourceTree = SDKROOT; };
		C7A456DF18F3A0520078B1C5 /* UIKit.framework */ = {isa = PBXFileReference; lastKnownFileType = wrapper.framework; name = UIKit.framework; path = System/Library/Frameworks/UIKit.framework; sourceTree = SDKROOT; };
		C7A456E118F3A0520078B1C5 /* SpriteKit.framework */ = {isa = PBXFileReference; lastKnownFileType = wrapper.framework; name = SpriteKit.framework; path = System/Library/Frameworks/SpriteKit.framework; sourceTree = SDKROOT; };
		C7A456E518F3A0520078B1C5 /* MyGame-Info.plist */ = {isa = PBXFileReference; lastKnownFileType = text.plist.xml; path = "MyGame-Info.plist"; sourceTree = "<group>"; };
		C7A456E718F3A0520078B1C5 /* en */ = {isa = PBXFileReference; lastKnownFileType = text.plist.strings; name = en; path = en.lproj/InfoPlist.strings; sourceTree = "<group>"; };
		C7A456E918F3A0520078B1C5 /* main.m */ = {isa = PBXFileReference; lastKnownFileType = sourcecode.c.objc; path = main.m; sourceTree = "<group>"; };
		C7A456EB18F3A0520078B1C5 /* MyGame-Prefix.pch */ = {isa = PBXFileReference; lastKnownFileType = sourcecode.c.h; path = "MyGame-Prefix.pch"; sourceTree = "<group>"; };
		C7A456EC18F3A0520078B1C5 /* AppDelegate.h */ = {isa = PBXFileReference; lastKnownFileType = sourcecode.c.h; path = AppDelegate.h; sourceTree = "<group>"; };
		C7A456ED18F3A0520078B1C5 /* AppDelegate.m */ = {isa = PBXFileReference; lastKnownFileType = sourcecode.c.objc; path = AppDelegate.m; sourceTree = "<group>"; };
		C7A456F018F3A0520078B1C5 /* Base */ = {isa = PBXFileReference; lastKnownFileType = file.storyboard; name = Base; path = Base.lproj/Main_iPhone.storyboard; sourceTree = "<group>"; };
		C7A456F318F3A0520078B1C5 /* Base */ = {isa = PBXFileReference; lastKnownFileType = file.storyboard; name = Base; path = Base.lproj/Main_iPad.storyboard; sourceTree = "<group>"; };
		C7A456F518F3A0520078B1C5 /* ViewController.h */ = {isa = PBXFileReference; lastKnownFileType = sourcecode.c.h; path = ViewController.h; sourceTree = "<group>"; };
		C7A456F618F3A0520078B1C5 /* ViewController.m */ = {isa = PBXFileReference; lastKnownFileType = sourcecode.c.objc; path = ViewController.m; sourceTree = "<group>"; };
		C7A456F818F3A0520078B1C5 /* MyScene.h */ = {isa = PBXFileReference; lastKnownFileType = sourcecode.c.h; path = MyScene.h; sourceTree = "<group>"; };
		C7A456F918F3A0520078B1C5 /* MyScene.m */ = {isa = PBXFileReference; lastKnownFileType = sourcecode.c.objc; path = MyScene.m; sourceTree = "<group>"; };
		C7A456FB18F3A0520078B1C5 /* Spaceship.png */ = {isa = PBXFileReference; lastKnownFileType = image.png; name = Spaceship.png; path = ../Spaceship.png; sourceTree = "<group>"; };
		C7A456FD18F3A0520078B1C5 /* Images.xcassets */ = {isa = PBXFileReference; lastKnownFileType = folder.assetcatalog; path = Images.xcassets; sourceTree = "<group>"; };
		C7A4570318F3A0520078B1C5 /* MyGameTests.xctest */ = {isa = PBXFileReference; explicitFileType = wrapper.cfbundle; includeInIndex = 0; path = MyGameTests.xctest; sourceTree = BUILT_PRODUCTS_DIR; };
		C7A4570418F3A0520078B1C5 /* XCTest.framework */ = {isa = PBXFileReference; lastKnownFileType = wrapper.framework; name = XCTest.framework; path = Library/Frameworks/XCTest.framework; sourceTree = DEVELOPER_DIR; };
		C7A4570C18F3A0520078B1C5 /* MyGameTests-Info.plist */ = {isa = PBXFileReference; lastKnownFileType = text.plist.xml; path = "MyGameTests-Info.plist"; sourceTree = "<group>"; };
		C7A4570E18F3A0520078B1C5 /* en */ = {isa = PBXFileReference; lastKnownFileType = text.plist.strings; name = en; path = en.lproj/InfoPlist.strings; sourceTree = "<group>"; };
		C7A4571018F3A0520078B1C5 /* MyGameTests.m */ = {isa = PBXFileReference; lastKnownFileType = sourcecode.c.objc; path = MyGameTests.m; sourceTree = "<group>"; };
		C7A4571C18F3A1B70078B1C5 /* background-music-aac.caf */ = {isa = PBXFileReference; lastKnownFileType = file; path = "background-music-aac.caf"; sourceTree = "<group>"; };
		C7A4571D18F3A1B70078B1C5 /* pew-pew-lei.caf */ = {isa = PBXFileReference; lastKnownFileType = file; path = "pew-pew-lei.caf"; sourceTree = "<group>"; };
		C7A4572218F3C7450078B1C5 /* GameOverScene.h */ = {isa = PBXFileReference; fileEncoding = 4; lastKnownFileType = sourcecode.c.h; path = GameOverScene.h; sourceTree = "<group>"; };
		C7A4572318F3C7450078B1C5 /* GameOverScene.m */ = {isa = PBXFileReference; fileEncoding = 4; lastKnownFileType = sourcecode.c.objc; path = GameOverScene.m; sourceTree = "<group>"; };
/* End PBXFileReference section */

/* Begin PBXFrameworksBuildPhase section */
		C7A456D518F3A0520078B1C5 /* Frameworks */ = {
			isa = PBXFrameworksBuildPhase;
			buildActionMask = 2147483647;
			files = (
				C7A456DE18F3A0520078B1C5 /* CoreGraphics.framework in Frameworks */,
				C7A456E018F3A0520078B1C5 /* UIKit.framework in Frameworks */,
				C7A456E218F3A0520078B1C5 /* SpriteKit.framework in Frameworks */,
				C7A456DC18F3A0520078B1C5 /* Foundation.framework in Frameworks */,
			);
			runOnlyForDeploymentPostprocessing = 0;
		};
		C7A4570018F3A0520078B1C5 /* Frameworks */ = {
			isa = PBXFrameworksBuildPhase;
			buildActionMask = 2147483647;
			files = (
				C7A4570518F3A0520078B1C5 /* XCTest.framework in Frameworks */,
				C7A4570718F3A0520078B1C5 /* UIKit.framework in Frameworks */,
				C7A4570618F3A0520078B1C5 /* Foundation.framework in Frameworks */,
			);
			runOnlyForDeploymentPostprocessing = 0;
		};
/* End PBXFrameworksBuildPhase section */

/* Begin PBXGroup section */
		C709440319050727009496C1 /* Source */ = {
			isa = PBXGroup;
			children = (
				C709440719050760009496C1 /* Util */,
				C70944061905074D009496C1 /* App */,
				C709440519050738009496C1 /* Scene */,
				C70944041905072B009496C1 /* Controllers */,
			);
			name = Source;
			sourceTree = "<group>";
		};
		C70944041905072B009496C1 /* Controllers */ = {
			isa = PBXGroup;
			children = (
				C7A456EF18F3A0520078B1C5 /* Main_iPhone.storyboard */,
				C7A456F218F3A0520078B1C5 /* Main_iPad.storyboard */,
				C7A456F518F3A0520078B1C5 /* ViewController.h */,
				C7A456F618F3A0520078B1C5 /* ViewController.m */,
			);
			name = Controllers;
			sourceTree = "<group>";
		};
		C709440519050738009496C1 /* Scene */ = {
			isa = PBXGroup;
			children = (
				C7A456F818F3A0520078B1C5 /* MyScene.h */,
				C7A456F918F3A0520078B1C5 /* MyScene.m */,
				C7A4572218F3C7450078B1C5 /* GameOverScene.h */,
				C7A4572318F3C7450078B1C5 /* GameOverScene.m */,
			);
			name = Scene;
			sourceTree = "<group>";
		};
		C70944061905074D009496C1 /* App */ = {
			isa = PBXGroup;
			children = (
				C7A456EC18F3A0520078B1C5 /* AppDelegate.h */,
				C7A456ED18F3A0520078B1C5 /* AppDelegate.m */,
			);
			name = App;
			sourceTree = "<group>";
		};
		C709440719050760009496C1 /* Util */ = {
			isa = PBXGroup;
			children = (
			);
			name = Util;
			sourceTree = "<group>";
		};
		C7A456CF18F3A0520078B1C5 = {
			isa = PBXGroup;
			children = (
				C7A456E318F3A0520078B1C5 /* MyGame */,
				C7A4570A18F3A0520078B1C5 /* MyGameTests */,
				C7A456DA18F3A0520078B1C5 /* Frameworks */,
				C7A456D918F3A0520078B1C5 /* Products */,
			);
			sourceTree = "<group>";
		};
		C7A456D918F3A0520078B1C5 /* Products */ = {
			isa = PBXGroup;
			children = (
				C7A456D818F3A0520078B1C5 /* MyGame.app */,
				C7A4570318F3A0520078B1C5 /* MyGameTests.xctest */,
			);
			name = Products;
			sourceTree = "<group>";
		};
		C7A456DA18F3A0520078B1C5 /* Frameworks */ = {
			isa = PBXGroup;
			children = (
				C7A456DB18F3A0520078B1C5 /* Foundation.framework */,
				C7A456DD18F3A0520078B1C5 /* CoreGraphics.framework */,
				C7A456DF18F3A0520078B1C5 /* UIKit.framework */,
				C7A456E118F3A0520078B1C5 /* SpriteKit.framework */,
				C7A4570418F3A0520078B1C5 /* XCTest.framework */,
			);
			name = Frameworks;
			sourceTree = "<group>";
		};
		C7A456E318F3A0520078B1C5 /* MyGame */ = {
			isa = PBXGroup;
			children = (
				C709440319050727009496C1 /* Source */,
				C7A4571A18F3A1B70078B1C5 /* SpriteKitSimpleGameResources */,
				C7A456FD18F3A0520078B1C5 /* Images.xcassets */,
				C7A456E418F3A0520078B1C5 /* Supporting Files */,
			);
			path = MyGame;
			sourceTree = "<group>";
		};
		C7A456E418F3A0520078B1C5 /* Supporting Files */ = {
			isa = PBXGroup;
			children = (
				C7A456E518F3A0520078B1C5 /* MyGame-Info.plist */,
				C7A456E618F3A0520078B1C5 /* InfoPlist.strings */,
				C7A456E918F3A0520078B1C5 /* main.m */,
				C7A456EB18F3A0520078B1C5 /* MyGame-Prefix.pch */,
			);
			name = "Supporting Files";
			sourceTree = "<group>";
		};
		C7A4570A18F3A0520078B1C5 /* MyGameTests */ = {
			isa = PBXGroup;
			children = (
				C7A4571018F3A0520078B1C5 /* MyGameTests.m */,
				C7A4570B18F3A0520078B1C5 /* Supporting Files */,
			);
			path = MyGameTests;
			sourceTree = "<group>";
		};
		C7A4570B18F3A0520078B1C5 /* Supporting Files */ = {
			isa = PBXGroup;
			children = (
				C7A4570C18F3A0520078B1C5 /* MyGameTests-Info.plist */,
				C7A4570D18F3A0520078B1C5 /* InfoPlist.strings */,
			);
			name = "Supporting Files";
			sourceTree = "<group>";
		};
		C7A4571A18F3A1B70078B1C5 /* SpriteKitSimpleGameResources */ = {
			isa = PBXGroup;
			children = (
				C7A456FB18F3A0520078B1C5 /* Spaceship.png */,
				C70944011904F87F009496C1 /* explosion.png */,
				C70943F31904F550009496C1 /* countryside_horse.png */,
				C70943F41904F550009496C1 /* monster.png */,
				C70943F51904F550009496C1 /* monster@2x.png */,
				C70943F61904F550009496C1 /* player.png */,
				C70943F71904F550009496C1 /* player@2x.png */,
				C70943F81904F550009496C1 /* projectile.png */,
				C70943F91904F550009496C1 /* projectile@2x.png */,
				C7A4571B18F3A1B70078B1C5 /* Sounds */,
			);
			path = SpriteKitSimpleGameResources;
			sourceTree = "<group>";
		};
		C7A4571B18F3A1B70078B1C5 /* Sounds */ = {
			isa = PBXGroup;
			children = (
				C7A4571C18F3A1B70078B1C5 /* background-music-aac.caf */,
				C7A4571D18F3A1B70078B1C5 /* pew-pew-lei.caf */,
			);
			path = Sounds;
			sourceTree = "<group>";
		};
/* End PBXGroup section */

/* Begin PBXNativeTarget section */
		C7A456D718F3A0520078B1C5 /* MyGame */ = {
			isa = PBXNativeTarget;
			buildConfigurationList = C7A4571418F3A0520078B1C5 /* Build configuration list for PBXNativeTarget "MyGame" */;
			buildPhases = (
				C7A456D418F3A0520078B1C5 /* Sources */,
				C7A456D518F3A0520078B1C5 /* Frameworks */,
				C7A456D618F3A0520078B1C5 /* Resources */,
			);
			buildRules = (
			);
			dependencies = (
			);
			name = MyGame;
			productName = MyGame;
			productReference = C7A456D818F3A0520078B1C5 /* MyGame.app */;
			productType = "com.apple.product-type.application";
		};
		C7A4570218F3A0520078B1C5 /* MyGameTests */ = {
			isa = PBXNativeTarget;
			buildConfigurationList = C7A4571718F3A0520078B1C5 /* Build configuration list for PBXNativeTarget "MyGameTests" */;
			buildPhases = (
				C7A456FF18F3A0520078B1C5 /* Sources */,
				C7A4570018F3A0520078B1C5 /* Frameworks */,
				C7A4570118F3A0520078B1C5 /* Resources */,
			);
			buildRules = (
			);
			dependencies = (
				C7A4570918F3A0520078B1C5 /* PBXTargetDependency */,
			);
			name = MyGameTests;
			productName = MyGameTests;
			productReference = C7A4570318F3A0520078B1C5 /* MyGameTests.xctest */;
			productType = "com.apple.product-type.bundle.unit-test";
		};
/* End PBXNativeTarget section */

/* Begin PBXProject section */
		C7A456D018F3A0520078B1C5 /* Project object */ = {
			isa = PBXProject;
			attributes = {
				LastUpgradeCheck = 0510;
				ORGANIZATIONNAME = jinxing;
				TargetAttributes = {
					C7A4570218F3A0520078B1C5 = {
						TestTargetID = C7A456D718F3A0520078B1C5;
					};
				};
			};
			buildConfigurationList = C7A456D318F3A0520078B1C5 /* Build configuration list for PBXProject "MyGame" */;
			compatibilityVersion = "Xcode 3.2";
			developmentRegion = English;
			hasScannedForEncodings = 0;
			knownRegions = (
				en,
				Base,
			);
			mainGroup = C7A456CF18F3A0520078B1C5;
			productRefGroup = C7A456D918F3A0520078B1C5 /* Products */;
			projectDirPath = "";
			projectRoot = "";
			targets = (
				C7A456D718F3A0520078B1C5 /* MyGame */,
				C7A4570218F3A0520078B1C5 /* MyGameTests */,
			);
		};
/* End PBXProject section */

/* Begin PBXResourcesBuildPhase section */
		C7A456D618F3A0520078B1C5 /* Resources */ = {
			isa = PBXResourcesBuildPhase;
			buildActionMask = 2147483647;
			files = (
				C7A4572018F3A1B70078B1C5 /* pew-pew-lei.caf in Resources */,
				C70943FD1904F550009496C1 /* player.png in Resources */,
				C70943FA1904F550009496C1 /* countryside_horse.png in Resources */,
				C70943FB1904F550009496C1 /* monster.png in Resources */,
				C7A456FC18F3A0520078B1C5 /* Spaceship.png in Resources */,
				C7A456FE18F3A0520078B1C5 /* Images.xcassets in Resources */,
				C7A4571F18F3A1B70078B1C5 /* background-music-aac.caf in Resources */,
				C70944001904F550009496C1 /* projectile@2x.png in Resources */,
				C70943FE1904F550009496C1 /* player@2x.png in Resources */,
				C70944021904F87F009496C1 /* explosion.png in Resources */,
				C7A456F418F3A0520078B1C5 /* Main_iPad.storyboard in Resources */,
				C7A456F118F3A0520078B1C5 /* Main_iPhone.storyboard in Resources */,
				C7A456E818F3A0520078B1C5 /* InfoPlist.strings in Resources */,
				C70943FF1904F550009496C1 /* projectile.png in Resources */,
				C70943FC1904F550009496C1 /* monster@2x.png in Resources */,
			);
			runOnlyForDeploymentPostprocessing = 0;
		};
		C7A4570118F3A0520078B1C5 /* Resources */ = {
			isa = PBXResourcesBuildPhase;
			buildActionMask = 2147483647;
			files = (
				C7A4570F18F3A0520078B1C5 /* InfoPlist.strings in Resources */,
			);
			runOnlyForDeploymentPostprocessing = 0;
		};
/* End PBXResourcesBuildPhase section */

/* Begin PBXSourcesBuildPhase section */
		C7A456D418F3A0520078B1C5 /* Sources */ = {
			isa = PBXSourcesBuildPhase;
			buildActionMask = 2147483647;
			files = (
				C7A4572418F3C7450078B1C5 /* GameOverScene.m in Sources */,
				C7A456FA18F3A0520078B1C5 /* MyScene.m in Sources */,
				C7A456F718F3A0520078B1C5 /* ViewController.m in Sources */,
				C7A456EE18F3A0520078B1C5 /* AppDelegate.m in Sources */,
				C7A456EA18F3A0520078B1C5 /* main.m in Sources */,
			);
			runOnlyForDeploymentPostprocessing = 0;
		};
		C7A456FF18F3A0520078B1C5 /* Sources */ = {
			isa = PBXSourcesBuildPhase;
			buildActionMask = 2147483647;
			files = (
				C7A4571118F3A0520078B1C5 /* MyGameTests.m in Sources */,
			);
			runOnlyForDeploymentPostprocessing = 0;
		};
/* End PBXSourcesBuildPhase section */

/* Begin PBXTargetDependency section */
		C7A4570918F3A0520078B1C5 /* PBXTargetDependency */ = {
			isa = PBXTargetDependency;
			target = C7A456D718F3A0520078B1C5 /* MyGame */;
			targetProxy = C7A4570818F3A0520078B1C5 /* PBXContainerItemProxy */;
		};
/* End PBXTargetDependency section */

/* Begin PBXVariantGroup section */
		C7A456E618F3A0520078B1C5 /* InfoPlist.strings */ = {
			isa = PBXVariantGroup;
			children = (
				C7A456E718F3A0520078B1C5 /* en */,
			);
			name = InfoPlist.strings;
			sourceTree = "<group>";
		};
		C7A456EF18F3A0520078B1C5 /* Main_iPhone.storyboard */ = {
			isa = PBXVariantGroup;
			children = (
				C7A456F018F3A0520078B1C5 /* Base */,
			);
			name = Main_iPhone.storyboard;
			sourceTree = "<group>";
		};
		C7A456F218F3A0520078B1C5 /* Main_iPad.storyboard */ = {
			isa = PBXVariantGroup;
			children = (
				C7A456F318F3A0520078B1C5 /* Base */,
			);
			name = Main_iPad.storyboard;
			sourceTree = "<group>";
		};
		C7A4570D18F3A0520078B1C5 /* InfoPlist.strings */ = {
			isa = PBXVariantGroup;
			children = (
				C7A4570E18F3A0520078B1C5 /* en */,
			);
			name = InfoPlist.strings;
			sourceTree = "<group>";
		};
/* End PBXVariantGroup section */

/* Begin XCBuildConfiguration section */
		C7A4571218F3A0520078B1C5 /* Debug */ = {
			isa = XCBuildConfiguration;
			buildSettings = {
				ALWAYS_SEARCH_USER_PATHS = NO;
				CLANG_CXX_LANGUAGE_STANDARD = "gnu++0x";
				CLANG_CXX_LIBRARY = "libc++";
				CLANG_ENABLE_MODULES = YES;
				CLANG_ENABLE_OBJC_ARC = YES;
				CLANG_WARN_BOOL_CONVERSION = YES;
				CLANG_WARN_CONSTANT_CONVERSION = YES;
				CLANG_WARN_DIRECT_OBJC_ISA_USAGE = YES_ERROR;
				CLANG_WARN_EMPTY_BODY = YES;
				CLANG_WARN_ENUM_CONVERSION = YES;
				CLANG_WARN_INT_CONVERSION = YES;
				CLANG_WARN_OBJC_ROOT_CLASS = YES_ERROR;
				CLANG_WARN__DUPLICATE_METHOD_MATCH = YES;
				"CODE_SIGN_IDENTITY[sdk=iphoneos*]" = "iPhone Developer";
				COPY_PHASE_STRIP = NO;
				GCC_C_LANGUAGE_STANDARD = gnu99;
				GCC_DYNAMIC_NO_PIC = NO;
				GCC_OPTIMIZATION_LEVEL = 0;
				GCC_PREPROCESSOR_DEFINITIONS = (
					"DEBUG=1",
					"$(inherited)",
				);
				GCC_SYMBOLS_PRIVATE_EXTERN = NO;
				GCC_WARN_64_TO_32_BIT_CONVERSION = YES;
				GCC_WARN_ABOUT_RETURN_TYPE = YES_ERROR;
				GCC_WARN_UNDECLARED_SELECTOR = YES;
				GCC_WARN_UNINITIALIZED_AUTOS = YES_AGGRESSIVE;
				GCC_WARN_UNUSED_FUNCTION = YES;
				GCC_WARN_UNUSED_VARIABLE = YES;
				IPHONEOS_DEPLOYMENT_TARGET = 7.1;
				ONLY_ACTIVE_ARCH = YES;
				SDKROOT = iphoneos;
				TARGETED_DEVICE_FAMILY = "1,2";
			};
			name = Debug;
		};
		C7A4571318F3A0520078B1C5 /* Release */ = {
			isa = XCBuildConfiguration;
			buildSettings = {
				ALWAYS_SEARCH_USER_PATHS = NO;
				CLANG_CXX_LANGUAGE_STANDARD = "gnu++0x";
				CLANG_CXX_LIBRARY = "libc++";
				CLANG_ENABLE_MODULES = YES;
				CLANG_ENABLE_OBJC_ARC = YES;
				CLANG_WARN_BOOL_CONVERSION = YES;
				CLANG_WARN_CONSTANT_CONVERSION = YES;
				CLANG_WARN_DIRECT_OBJC_ISA_USAGE = YES_ERROR;
				CLANG_WARN_EMPTY_BODY = YES;
				CLANG_WARN_ENUM_CONVERSION = YES;
				CLANG_WARN_INT_CONVERSION = YES;
				CLANG_WARN_OBJC_ROOT_CLASS = YES_ERROR;
				CLANG_WARN__DUPLICATE_METHOD_MATCH = YES;
				"CODE_SIGN_IDENTITY[sdk=iphoneos*]" = "iPhone Developer";
				COPY_PHASE_STRIP = YES;
				ENABLE_NS_ASSERTIONS = NO;
				GCC_C_LANGUAGE_STANDARD = gnu99;
				GCC_WARN_64_TO_32_BIT_CONVERSION = YES;
				GCC_WARN_ABOUT_RETURN_TYPE = YES_ERROR;
				GCC_WARN_UNDECLARED_SELECTOR = YES;
				GCC_WARN_UNINITIALIZED_AUTOS = YES_AGGRESSIVE;
				GCC_WARN_UNUSED_FUNCTION = YES;
				GCC_WARN_UNUSED_VARIABLE = YES;
				IPHONEOS_DEPLOYMENT_TARGET = 7.1;
				SDKROOT = iphoneos;
				TARGETED_DEVICE_FAMILY = "1,2";
				VALIDATE_PRODUCT = YES;
			};
			name = Release;
		};
		C7A4571518F3A0520078B1C5 /* Debug */ = {
			isa = XCBuildConfiguration;
			buildSettings = {
				ASSETCATALOG_COMPILER_APPICON_NAME = AppIcon;
				ASSETCATALOG_COMPILER_LAUNCHIMAGE_NAME = LaunchImage;
				GCC_PRECOMPILE_PREFIX_HEADER = YES;
				GCC_PREFIX_HEADER = "MyGame/MyGame-Prefix.pch";
				INFOPLIST_FILE = "MyGame/MyGame-Info.plist";
				IPHONEOS_DEPLOYMENT_TARGET = 7.0;
				PRODUCT_NAME = "$(TARGET_NAME)";
				SPRITEKIT_TEXTURE_ATLAS_OUTPUT = YES;
				WRAPPER_EXTENSION = app;
			};
			name = Debug;
		};
		C7A4571618F3A0520078B1C5 /* Release */ = {
			isa = XCBuildConfiguration;
			buildSettings = {
				ASSETCATALOG_COMPILER_APPICON_NAME = AppIcon;
				ASSETCATALOG_COMPILER_LAUNCHIMAGE_NAME = LaunchImage;
				GCC_PRECOMPILE_PREFIX_HEADER = YES;
				GCC_PREFIX_HEADER = "MyGame/MyGame-Prefix.pch";
				INFOPLIST_FILE = "MyGame/MyGame-Info.plist";
				IPHONEOS_DEPLOYMENT_TARGET = 7.0;
				PRODUCT_NAME = "$(TARGET_NAME)";
				SPRITEKIT_TEXTURE_ATLAS_OUTPUT = YES;
				WRAPPER_EXTENSION = app;
			};
			name = Release;
		};
		C7A4571818F3A0520078B1C5 /* Debug */ = {
			isa = XCBuildConfiguration;
			buildSettings = {
				BUNDLE_LOADER = "$(BUILT_PRODUCTS_DIR)/MyGame.app/MyGame";
				FRAMEWORK_SEARCH_PATHS = (
					"$(SDKROOT)/Developer/Library/Frameworks",
					"$(inherited)",
					"$(DEVELOPER_FRAMEWORKS_DIR)",
				);
				GCC_PRECOMPILE_PREFIX_HEADER = YES;
				GCC_PREFIX_HEADER = "MyGame/MyGame-Prefix.pch";
				GCC_PREPROCESSOR_DEFINITIONS = (
					"DEBUG=1",
					"$(inherited)",
				);
				INFOPLIST_FILE = "MyGameTests/MyGameTests-Info.plist";
				PRODUCT_NAME = "$(TARGET_NAME)";
				TEST_HOST = "$(BUNDLE_LOADER)";
				WRAPPER_EXTENSION = xctest;
			};
			name = Debug;
		};
		C7A4571918F3A0520078B1C5 /* Release */ = {
			isa = XCBuildConfiguration;
			buildSettings = {
				BUNDLE_LOADER = "$(BUILT_PRODUCTS_DIR)/MyGame.app/MyGame";
				FRAMEWORK_SEARCH_PATHS = (
					"$(SDKROOT)/Developer/Library/Frameworks",
					"$(inherited)",
					"$(DEVELOPER_FRAMEWORKS_DIR)",
				);
				GCC_PRECOMPILE_PREFIX_HEADER = YES;
				GCC_PREFIX_HEADER = "MyGame/MyGame-Prefix.pch";
				INFOPLIST_FILE = "MyGameTests/MyGameTests-Info.plist";
				PRODUCT_NAME = "$(TARGET_NAME)";
				TEST_HOST = "$(BUNDLE_LOADER)";
				WRAPPER_EXTENSION = xctest;
			};
			name = Release;
		};
/* End XCBuildConfiguration section */

/* Begin XCConfigurationList section */
		C7A456D318F3A0520078B1C5 /* Build configuration list for PBXProject "MyGame" */ = {
			isa = XCConfigurationList;
			buildConfigurations = (
				C7A4571218F3A0520078B1C5 /* Debug */,
				C7A4571318F3A0520078B1C5 /* Release */,
			);
			defaultConfigurationIsVisible = 0;
			defaultConfigurationName = Release;
		};
		C7A4571418F3A0520078B1C5 /* Build configuration list for PBXNativeTarget "MyGame" */ = {
			isa = XCConfigurationList;
			buildConfigurations = (
				C7A4571518F3A0520078B1C5 /* Debug */,
				C7A4571618F3A0520078B1C5 /* Release */,
			);
			defaultConfigurationIsVisible = 0;
			defaultConfigurationName = Release;
		};
		C7A4571718F3A0520078B1C5 /* Build configuration list for PBXNativeTarget "MyGameTests" */ = {
			isa = XCConfigurationList;
			buildConfigurations = (
				C7A4571818F3A0520078B1C5 /* Debug */,
				C7A4571918F3A0520078B1C5 /* Release */,
			);
			defaultConfigurationIsVisible = 0;
			defaultConfigurationName = Release;
		};
/* End XCConfigurationList section */
	};
	rootObject = C7A456D018F3A0520078B1C5 /* Project object */;
}
